
Microsoft Visual Studio Solution File, Format Version 12.00
# Visual Studio Version 16
VisualStudioVersion = 16.0.29215.179
MinimumVisualStudioVersion = 10.0.40219.1
Project("{FAE04EC0-301F-11D3-BF4B-00C04F79EFBC}") = "GitHubLogin", "GitHubLogin\GitHubLogin.csproj", "{36527622-DEE6-4710-A201-BFFAA2CC732E}"
EndProject
Global
	GlobalSection(SolutionConfigurationPlatforms) = preSolution
		Debug|Any CPU = Debug|Any CPU
		Release|Any CPU = Release|Any CPU
	EndGlobalSection
	GlobalSection(ProjectConfigurationPlatforms) = postSolution
		{36527622-DEE6-4710-A201-BFFAA2CC732E}.Debug|Any CPU.ActiveCfg = Debug|Any CPU
		{36527622-DEE6-4710-A201-BFFAA2CC732E}.Debug|Any CPU.Build.0 = Debug|Any CPU
		{36527622-DEE6-4710-A201-BFFAA2CC732E}.Release|Any CPU.ActiveCfg = Release|Any CPU
		{36527622-DEE6-4710-A201-BFFAA2CC732E}.Release|Any CPU.Build.0 = Release|Any CPU
	EndGlobalSection
	GlobalSection(SolutionProperties) = preSolution
		HideSolutionNode = FALSE
	EndGlobalSection
	GlobalSection(ExtensibilityGlobals) = postSolution
		SolutionGuid = {8B65EF64-BB17-441D-89A5-5D73AAD04C85}
	EndGlobalSection
EndGlobal
